{
    "name": "rg-vue-snippets",
    "version": "0.0.2",
    "lockfileVersion": 2,
    "requires": true,
    "packages": {
        "": {
            "name": "rg-vue-snippets",
            "version": "0.0.2",
            "engines": {
                "vscode": "^1.63.0"
            }
        }
    }
}
